
Microsoft Visual Studio Solution File, Format Version 12.00
# Visual Studio Version 16
VisualStudioVersion = 16.0.30621.155
MinimumVisualStudioVersion = 10.0.40219.1
Project("{FAE04EC0-301F-11D3-BF4B-00C04F79EFBC}") = "timelineview_datatable", "timelineview_datatable\timelineview_datatable.csproj", "{4EDBFAB7-E3DC-472A-916F-416865D06992}"
EndProject
Global
	GlobalSection(SolutionConfigurationPlatforms) = preSolution
		Debug|Any CPU = Debug|Any CPU
		Release|Any CPU = Release|Any CPU
	EndGlobalSection
	GlobalSection(ProjectConfigurationPlatforms) = postSolution
		{4EDBFAB7-E3DC-472A-916F-416865D06992}.Debug|Any CPU.ActiveCfg = Debug|Any CPU
		{4EDBFAB7-E3DC-472A-916F-416865D06992}.Debug|Any CPU.Build.0 = Debug|Any CPU
		{4EDBFAB7-E3DC-472A-916F-416865D06992}.Release|Any CPU.ActiveCfg = Release|Any CPU
		{4EDBFAB7-E3DC-472A-916F-416865D06992}.Release|Any CPU.Build.0 = Release|Any CPU
	EndGlobalSection
	GlobalSection(SolutionProperties) = preSolution
		HideSolutionNode = FALSE
	EndGlobalSection
	GlobalSection(ExtensibilityGlobals) = postSolution
		SolutionGuid = {46AB18C6-64E0-48B1-ACE8-AE59E887BAF9}
	EndGlobalSection
EndGlobal
